{
  "pins" : [
    {
      "identity" : "combinecocoa",
      "kind" : "remoteSourceControl",
      "location" : "https://github.com/CombineCommunity/CombineCocoa.git",
      "state" : {
        "branch" : "main",
        "revision" : "1a1821995b49c05032980554fc5c3f1204d53076"
      }
    },
    {
      "identity" : "pinlayout",
      "kind" : "remoteSourceControl",
      "location" : "https://github.com/layoutBox/PinLayout",
      "state" : {
        "revision" : "75c88c5c374c7bc78a154ffdf963cd362f38258a",
        "version" : "1.10.3"
      }
    },
    {
      "identity" : "swinject",
      "kind" : "remoteSourceControl",
      "location" : "https://github.com/Swinject/Swinject",
      "state" : {
        "branch" : "master",
        "revision" : "11e65d83ba100459a41837119a8af32f182339f1"
      }
    }
  ],
  "version" : 2
}
