// !$*UTF8*$!
{
	archiveVersion = 1;
	classes = {
	};
	objectVersion = 55;
	objects = {

/* Begin PBXBuildFile section */
		2FAF337728B1063F000C8488 /* AppDelegate.swift in Sources */ = {isa = PBXBuildFile; fileRef = 2FAF337628B1063F000C8488 /* AppDelegate.swift */; };
		2FAF337928B1063F000C8488 /* SceneDelegate.swift in Sources */ = {isa = PBXBuildFile; fileRef = 2FAF337828B1063F000C8488 /* SceneDelegate.swift */; };
		2FAF338028B1063F000C8488 /* Assets.xcassets in Resources */ = {isa = PBXBuildFile; fileRef = 2FAF337F28B1063F000C8488 /* Assets.xcassets */; };
		2FAF338328B1063F000C8488 /* LaunchScreen.storyboard in Resources */ = {isa = PBXBuildFile; fileRef = 2FAF338128B1063F000C8488 /* LaunchScreen.storyboard */; };
		2FAF338E28B10640000C8488 /* MVVM_CombineTests.swift in Sources */ = {isa = PBXBuildFile; fileRef = 2FAF338D28B10640000C8488 /* MVVM_CombineTests.swift */; };
		2FAF339828B10640000C8488 /* MVVM_CombineUITests.swift in Sources */ = {isa = PBXBuildFile; fileRef = 2FAF339728B10640000C8488 /* MVVM_CombineUITests.swift */; };
		2FAF339A28B10640000C8488 /* MVVM_CombineUITestsLaunchTests.swift in Sources */ = {isa = PBXBuildFile; fileRef = 2FAF339928B10640000C8488 /* MVVM_CombineUITestsLaunchTests.swift */; };
		2FAF33AE28B11939000C8488 /* PlacesRepositoryProtocol.swift in Sources */ = {isa = PBXBuildFile; fileRef = 2FAF33AD28B11939000C8488 /* PlacesRepositoryProtocol.swift */; };
		2FAF33B028B11958000C8488 /* Place.swift in Sources */ = {isa = PBXBuildFile; fileRef = 2FAF33AF28B11958000C8488 /* Place.swift */; };
		2FAF33B428B11C82000C8488 /* PlaceRepository.swift in Sources */ = {isa = PBXBuildFile; fileRef = 2FAF33B328B11C82000C8488 /* PlaceRepository.swift */; };
		2FAF33B828B11E03000C8488 /* Swinject in Frameworks */ = {isa = PBXBuildFile; productRef = 2FAF33B728B11E03000C8488 /* Swinject */; };
		2FAF33BD28B11E81000C8488 /* Swinject+typealias+extension.swift in Sources */ = {isa = PBXBuildFile; fileRef = 2FAF33BC28B11E81000C8488 /* Swinject+typealias+extension.swift */; };
		2FAF33BF28B11EB2000C8488 /* PlaceRepositoryAssembly.swift in Sources */ = {isa = PBXBuildFile; fileRef = 2FAF33BE28B11EB2000C8488 /* PlaceRepositoryAssembly.swift */; };
		2FAF33C128B125C5000C8488 /* ImageRepositoryProtocol.swift in Sources */ = {isa = PBXBuildFile; fileRef = 2FAF33C028B125C5000C8488 /* ImageRepositoryProtocol.swift */; };
		2FAF33C428B12622000C8488 /* ImageRepository.swift in Sources */ = {isa = PBXBuildFile; fileRef = 2FAF33C328B12622000C8488 /* ImageRepository.swift */; };
		2FAF33C628B1272E000C8488 /* ImageRepositoryAssembly.swift in Sources */ = {isa = PBXBuildFile; fileRef = 2FAF33C528B1272E000C8488 /* ImageRepositoryAssembly.swift */; };
		2FAF33CA28B12B44000C8488 /* EventTrackerProtocol.swift in Sources */ = {isa = PBXBuildFile; fileRef = 2FAF33C928B12B44000C8488 /* EventTrackerProtocol.swift */; };
		2FAF33CC28B12B50000C8488 /* AnyEventTracker.swift in Sources */ = {isa = PBXBuildFile; fileRef = 2FAF33CB28B12B50000C8488 /* AnyEventTracker.swift */; };
		2FAF33D028B12C00000C8488 /* ViewModelProtocol.swift in Sources */ = {isa = PBXBuildFile; fileRef = 2FAF33CF28B12C00000C8488 /* ViewModelProtocol.swift */; };
		2FAF33D228B12C15000C8488 /* UnitProtocol.swift in Sources */ = {isa = PBXBuildFile; fileRef = 2FAF33D128B12C15000C8488 /* UnitProtocol.swift */; };
		2FAF33D428B12C2E000C8488 /* AnyUnit.swift in Sources */ = {isa = PBXBuildFile; fileRef = 2FAF33D328B12C2E000C8488 /* AnyUnit.swift */; };
		2FAF33D628B12C71000C8488 /* AnyViewModel.swift in Sources */ = {isa = PBXBuildFile; fileRef = 2FAF33D528B12C71000C8488 /* AnyViewModel.swift */; };
		2FAF33D928B12F34000C8488 /* Markers.swift in Sources */ = {isa = PBXBuildFile; fileRef = 2FAF33D828B12F34000C8488 /* Markers.swift */; };
		2FAF33DC28B12F94000C8488 /* AutoInjection.generated.swift in Sources */ = {isa = PBXBuildFile; fileRef = 2FAF33DB28B12F94000C8488 /* AutoInjection.generated.swift */; };
		2FAF33E028B13E3C000C8488 /* PinLayout in Frameworks */ = {isa = PBXBuildFile; productRef = 2FAF33DF28B13E3C000C8488 /* PinLayout */; };
		2FAF33E328B13E52000C8488 /* CombineCocoa in Frameworks */ = {isa = PBXBuildFile; productRef = 2FAF33E228B13E52000C8488 /* CombineCocoa */; };
		2FAF33E528B1401B000C8488 /* ViewModelBindableProtocol.swift in Sources */ = {isa = PBXBuildFile; fileRef = 2FAF33E428B1401B000C8488 /* ViewModelBindableProtocol.swift */; };
		2FAF33E828B14518000C8488 /* ApplicableProtocol.swift in Sources */ = {isa = PBXBuildFile; fileRef = 2FAF33E728B14518000C8488 /* ApplicableProtocol.swift */; };
		2FAF33EB28B14547000C8488 /* RunnableProtocol.swift in Sources */ = {isa = PBXBuildFile; fileRef = 2FAF33EA28B14547000C8488 /* RunnableProtocol.swift */; };
/* End PBXBuildFile section */

/* Begin PBXContainerItemProxy section */
		2FAF338A28B10640000C8488 /* PBXContainerItemProxy */ = {
			isa = PBXContainerItemProxy;
			containerPortal = 2FAF336B28B1063F000C8488 /* Project object */;
			proxyType = 1;
			remoteGlobalIDString = 2FAF337228B1063F000C8488;
			remoteInfo = MVVM_Combine;
		};
		2FAF339428B10640000C8488 /* PBXContainerItemProxy */ = {
			isa = PBXContainerItemProxy;
			containerPortal = 2FAF336B28B1063F000C8488 /* Project object */;
			proxyType = 1;
			remoteGlobalIDString = 2FAF337228B1063F000C8488;
			remoteInfo = MVVM_Combine;
		};
/* End PBXContainerItemProxy section */

/* Begin PBXFileReference section */
		2FAF337328B1063F000C8488 /* MVVM_Combine.app */ = {isa = PBXFileReference; explicitFileType = wrapper.application; includeInIndex = 0; path = MVVM_Combine.app; sourceTree = BUILT_PRODUCTS_DIR; };
		2FAF337628B1063F000C8488 /* AppDelegate.swift */ = {isa = PBXFileReference; lastKnownFileType = sourcecode.swift; path = AppDelegate.swift; sourceTree = "<group>"; };
		2FAF337828B1063F000C8488 /* SceneDelegate.swift */ = {isa = PBXFileReference; lastKnownFileType = sourcecode.swift; path = SceneDelegate.swift; sourceTree = "<group>"; };
		2FAF337F28B1063F000C8488 /* Assets.xcassets */ = {isa = PBXFileReference; lastKnownFileType = folder.assetcatalog; path = Assets.xcassets; sourceTree = "<group>"; };
		2FAF338228B1063F000C8488 /* Base */ = {isa = PBXFileReference; lastKnownFileType = file.storyboard; name = Base; path = Base.lproj/LaunchScreen.storyboard; sourceTree = "<group>"; };
		2FAF338428B1063F000C8488 /* Info.plist */ = {isa = PBXFileReference; lastKnownFileType = text.plist.xml; path = Info.plist; sourceTree = "<group>"; };
		2FAF338928B10640000C8488 /* MVVM_CombineTests.xctest */ = {isa = PBXFileReference; explicitFileType = wrapper.cfbundle; includeInIndex = 0; path = MVVM_CombineTests.xctest; sourceTree = BUILT_PRODUCTS_DIR; };
		2FAF338D28B10640000C8488 /* MVVM_CombineTests.swift */ = {isa = PBXFileReference; lastKnownFileType = sourcecode.swift; path = MVVM_CombineTests.swift; sourceTree = "<group>"; };
		2FAF339328B10640000C8488 /* MVVM_CombineUITests.xctest */ = {isa = PBXFileReference; explicitFileType = wrapper.cfbundle; includeInIndex = 0; path = MVVM_CombineUITests.xctest; sourceTree = BUILT_PRODUCTS_DIR; };
		2FAF339728B10640000C8488 /* MVVM_CombineUITests.swift */ = {isa = PBXFileReference; lastKnownFileType = sourcecode.swift; path = MVVM_CombineUITests.swift; sourceTree = "<group>"; };
		2FAF339928B10640000C8488 /* MVVM_CombineUITestsLaunchTests.swift */ = {isa = PBXFileReference; lastKnownFileType = sourcecode.swift; path = MVVM_CombineUITestsLaunchTests.swift; sourceTree = "<group>"; };
		2FAF33AD28B11939000C8488 /* PlacesRepositoryProtocol.swift */ = {isa = PBXFileReference; lastKnownFileType = sourcecode.swift; path = PlacesRepositoryProtocol.swift; sourceTree = "<group>"; };
		2FAF33AF28B11958000C8488 /* Place.swift */ = {isa = PBXFileReference; lastKnownFileType = sourcecode.swift; path = Place.swift; sourceTree = "<group>"; };
		2FAF33B328B11C82000C8488 /* PlaceRepository.swift */ = {isa = PBXFileReference; lastKnownFileType = sourcecode.swift; path = PlaceRepository.swift; sourceTree = "<group>"; };
		2FAF33BC28B11E81000C8488 /* Swinject+typealias+extension.swift */ = {isa = PBXFileReference; lastKnownFileType = sourcecode.swift; path = "Swinject+typealias+extension.swift"; sourceTree = "<group>"; };
		2FAF33BE28B11EB2000C8488 /* PlaceRepositoryAssembly.swift */ = {isa = PBXFileReference; lastKnownFileType = sourcecode.swift; path = PlaceRepositoryAssembly.swift; sourceTree = "<group>"; };
		2FAF33C028B125C5000C8488 /* ImageRepositoryProtocol.swift */ = {isa = PBXFileReference; lastKnownFileType = sourcecode.swift; path = ImageRepositoryProtocol.swift; sourceTree = "<group>"; };
		2FAF33C328B12622000C8488 /* ImageRepository.swift */ = {isa = PBXFileReference; lastKnownFileType = sourcecode.swift; path = ImageRepository.swift; sourceTree = "<group>"; };
		2FAF33C528B1272E000C8488 /* ImageRepositoryAssembly.swift */ = {isa = PBXFileReference; lastKnownFileType = sourcecode.swift; path = ImageRepositoryAssembly.swift; sourceTree = "<group>"; };
		2FAF33C928B12B44000C8488 /* EventTrackerProtocol.swift */ = {isa = PBXFileReference; lastKnownFileType = sourcecode.swift; path = EventTrackerProtocol.swift; sourceTree = "<group>"; };
		2FAF33CB28B12B50000C8488 /* AnyEventTracker.swift */ = {isa = PBXFileReference; lastKnownFileType = sourcecode.swift; path = AnyEventTracker.swift; sourceTree = "<group>"; };
		2FAF33CF28B12C00000C8488 /* ViewModelProtocol.swift */ = {isa = PBXFileReference; lastKnownFileType = sourcecode.swift; path = ViewModelProtocol.swift; sourceTree = "<group>"; };
		2FAF33D128B12C15000C8488 /* UnitProtocol.swift */ = {isa = PBXFileReference; lastKnownFileType = sourcecode.swift; path = UnitProtocol.swift; sourceTree = "<group>"; };
		2FAF33D328B12C2E000C8488 /* AnyUnit.swift */ = {isa = PBXFileReference; lastKnownFileType = sourcecode.swift; path = AnyUnit.swift; sourceTree = "<group>"; };
		2FAF33D528B12C71000C8488 /* AnyViewModel.swift */ = {isa = PBXFileReference; lastKnownFileType = sourcecode.swift; path = AnyViewModel.swift; sourceTree = "<group>"; };
		2FAF33D828B12F34000C8488 /* Markers.swift */ = {isa = PBXFileReference; lastKnownFileType = sourcecode.swift; path = Markers.swift; sourceTree = "<group>"; };
		2FAF33DB28B12F94000C8488 /* AutoInjection.generated.swift */ = {isa = PBXFileReference; fileEncoding = 4; lastKnownFileType = sourcecode.swift; path = AutoInjection.generated.swift; sourceTree = "<group>"; };
		2FAF33E428B1401B000C8488 /* ViewModelBindableProtocol.swift */ = {isa = PBXFileReference; lastKnownFileType = sourcecode.swift; path = ViewModelBindableProtocol.swift; sourceTree = "<group>"; };
		2FAF33E728B14518000C8488 /* ApplicableProtocol.swift */ = {isa = PBXFileReference; lastKnownFileType = sourcecode.swift; path = ApplicableProtocol.swift; sourceTree = "<group>"; };
		2FAF33EA28B14547000C8488 /* RunnableProtocol.swift */ = {isa = PBXFileReference; lastKnownFileType = sourcecode.swift; path = RunnableProtocol.swift; sourceTree = "<group>"; };
/* End PBXFileReference section */

/* Begin PBXFrameworksBuildPhase section */
		2FAF337028B1063F000C8488 /* Frameworks */ = {
			isa = PBXFrameworksBuildPhase;
			buildActionMask = 2147483647;
			files = (
				2FAF33E028B13E3C000C8488 /* PinLayout in Frameworks */,
				2FAF33E328B13E52000C8488 /* CombineCocoa in Frameworks */,
				2FAF33B828B11E03000C8488 /* Swinject in Frameworks */,
			);
			runOnlyForDeploymentPostprocessing = 0;
		};
		2FAF338628B10640000C8488 /* Frameworks */ = {
			isa = PBXFrameworksBuildPhase;
			buildActionMask = 2147483647;
			files = (
			);
			runOnlyForDeploymentPostprocessing = 0;
		};
		2FAF339028B10640000C8488 /* Frameworks */ = {
			isa = PBXFrameworksBuildPhase;
			buildActionMask = 2147483647;
			files = (
			);
			runOnlyForDeploymentPostprocessing = 0;
		};
/* End PBXFrameworksBuildPhase section */

/* Begin PBXGroup section */
		2FAF336A28B1063F000C8488 = {
			isa = PBXGroup;
			children = (
				2FAF337528B1063F000C8488 /* MVVM_Combine */,
				2FAF338C28B10640000C8488 /* MVVM_CombineTests */,
				2FAF339628B10640000C8488 /* MVVM_CombineUITests */,
				2FAF337428B1063F000C8488 /* Products */,
			);
			sourceTree = "<group>";
		};
		2FAF337428B1063F000C8488 /* Products */ = {
			isa = PBXGroup;
			children = (
				2FAF337328B1063F000C8488 /* MVVM_Combine.app */,
				2FAF338928B10640000C8488 /* MVVM_CombineTests.xctest */,
				2FAF339328B10640000C8488 /* MVVM_CombineUITests.xctest */,
			);
			name = Products;
			sourceTree = "<group>";
		};
		2FAF337528B1063F000C8488 /* MVVM_Combine */ = {
			isa = PBXGroup;
			children = (
				2FAF33A628B1085B000C8488 /* Root */,
				2FAF33B928B11E3E000C8488 /* Tools */,
				2FAF33AA28B118F6000C8488 /* Domain */,
				2FAF33B128B119DC000C8488 /* Data */,
				2FAF33DD28B1311C000C8488 /* Presentation */,
				2FAF33D728B12F0A000C8488 /* Autogenerated */,
				2FAF33A728B11117000C8488 /* SupportedFiles */,
			);
			path = MVVM_Combine;
			sourceTree = "<group>";
		};
		2FAF338C28B10640000C8488 /* MVVM_CombineTests */ = {
			isa = PBXGroup;
			children = (
				2FAF338D28B10640000C8488 /* MVVM_CombineTests.swift */,
			);
			path = MVVM_CombineTests;
			sourceTree = "<group>";
		};
		2FAF339628B10640000C8488 /* MVVM_CombineUITests */ = {
			isa = PBXGroup;
			children = (
				2FAF339728B10640000C8488 /* MVVM_CombineUITests.swift */,
				2FAF339928B10640000C8488 /* MVVM_CombineUITestsLaunchTests.swift */,
			);
			path = MVVM_CombineUITests;
			sourceTree = "<group>";
		};
		2FAF33A628B1085B000C8488 /* Root */ = {
			isa = PBXGroup;
			children = (
				2FAF337628B1063F000C8488 /* AppDelegate.swift */,
				2FAF337828B1063F000C8488 /* SceneDelegate.swift */,
			);
			path = Root;
			sourceTree = "<group>";
		};
		2FAF33A728B11117000C8488 /* SupportedFiles */ = {
			isa = PBXGroup;
			children = (
				2FAF337F28B1063F000C8488 /* Assets.xcassets */,
				2FAF338128B1063F000C8488 /* LaunchScreen.storyboard */,
				2FAF338428B1063F000C8488 /* Info.plist */,
			);
			path = SupportedFiles;
			sourceTree = "<group>";
		};
		2FAF33AA28B118F6000C8488 /* Domain */ = {
			isa = PBXGroup;
			children = (
				2FAF33AB28B11903000C8488 /* Entity */,
				2FAF33AC28B11918000C8488 /* Repository */,
			);
			path = Domain;
			sourceTree = "<group>";
		};
		2FAF33AB28B11903000C8488 /* Entity */ = {
			isa = PBXGroup;
			children = (
				2FAF33AF28B11958000C8488 /* Place.swift */,
			);
			path = Entity;
			sourceTree = "<group>";
		};
		2FAF33AC28B11918000C8488 /* Repository */ = {
			isa = PBXGroup;
			children = (
				2FAF33AD28B11939000C8488 /* PlacesRepositoryProtocol.swift */,
				2FAF33C028B125C5000C8488 /* ImageRepositoryProtocol.swift */,
			);
			path = Repository;
			sourceTree = "<group>";
		};
		2FAF33B128B119DC000C8488 /* Data */ = {
			isa = PBXGroup;
			children = (
				2FAF33B228B11A1B000C8488 /* Repository */,
			);
			path = Data;
			sourceTree = "<group>";
		};
		2FAF33B228B11A1B000C8488 /* Repository */ = {
			isa = PBXGroup;
			children = (
				2FAF33B528B11C8E000C8488 /* PlaceRepository */,
				2FAF33C228B12600000C8488 /* ImageRepository */,
			);
			path = Repository;
			sourceTree = "<group>";
		};
		2FAF33B528B11C8E000C8488 /* PlaceRepository */ = {
			isa = PBXGroup;
			children = (
				2FAF33B328B11C82000C8488 /* PlaceRepository.swift */,
				2FAF33BE28B11EB2000C8488 /* PlaceRepositoryAssembly.swift */,
			);
			path = PlaceRepository;
			sourceTree = "<group>";
		};
		2FAF33B928B11E3E000C8488 /* Tools */ = {
			isa = PBXGroup;
			children = (
				2FAF33E628B14500000C8488 /* Applicable */,
				2FAF33E928B1453A000C8488 /* Runnable */,
				2FAF33C728B12AD2000C8488 /* MVVM+support */,
				2FAF33BA28B11E4E000C8488 /* Extension */,
			);
			path = Tools;
			sourceTree = "<group>";
		};
		2FAF33BA28B11E4E000C8488 /* Extension */ = {
			isa = PBXGroup;
			children = (
				2FAF33BB28B11E5F000C8488 /* Swinject+extension */,
			);
			path = Extension;
			sourceTree = "<group>";
		};
		2FAF33BB28B11E5F000C8488 /* Swinject+extension */ = {
			isa = PBXGroup;
			children = (
				2FAF33BC28B11E81000C8488 /* Swinject+typealias+extension.swift */,
			);
			path = "Swinject+extension";
			sourceTree = "<group>";
		};
		2FAF33C228B12600000C8488 /* ImageRepository */ = {
			isa = PBXGroup;
			children = (
				2FAF33C328B12622000C8488 /* ImageRepository.swift */,
				2FAF33C528B1272E000C8488 /* ImageRepositoryAssembly.swift */,
			);
			path = ImageRepository;
			sourceTree = "<group>";
		};
		2FAF33C728B12AD2000C8488 /* MVVM+support */ = {
			isa = PBXGroup;
			children = (
				2FAF33CD28B12BE5000C8488 /* Unit */,
				2FAF33CE28B12BEC000C8488 /* ViewModel */,
				2FAF33C828B12B35000C8488 /* EventTracker */,
			);
			path = "MVVM+support";
			sourceTree = "<group>";
		};
		2FAF33C828B12B35000C8488 /* EventTracker */ = {
			isa = PBXGroup;
			children = (
				2FAF33C928B12B44000C8488 /* EventTrackerProtocol.swift */,
				2FAF33CB28B12B50000C8488 /* AnyEventTracker.swift */,
			);
			path = EventTracker;
			sourceTree = "<group>";
		};
		2FAF33CD28B12BE5000C8488 /* Unit */ = {
			isa = PBXGroup;
			children = (
				2FAF33D128B12C15000C8488 /* UnitProtocol.swift */,
				2FAF33D328B12C2E000C8488 /* AnyUnit.swift */,
			);
			path = Unit;
			sourceTree = "<group>";
		};
		2FAF33CE28B12BEC000C8488 /* ViewModel */ = {
			isa = PBXGroup;
			children = (
				2FAF33CF28B12C00000C8488 /* ViewModelProtocol.swift */,
				2FAF33D528B12C71000C8488 /* AnyViewModel.swift */,
				2FAF33E428B1401B000C8488 /* ViewModelBindableProtocol.swift */,
			);
			path = ViewModel;
			sourceTree = "<group>";
		};
		2FAF33D728B12F0A000C8488 /* Autogenerated */ = {
			isa = PBXGroup;
			children = (
				2FAF33D828B12F34000C8488 /* Markers.swift */,
				2FAF33DB28B12F94000C8488 /* AutoInjection.generated.swift */,
			);
			path = Autogenerated;
			sourceTree = "<group>";
		};
		2FAF33DD28B1311C000C8488 /* Presentation */ = {
			isa = PBXGroup;
			children = (
				828805A62AF99425AE6A5DF0 /* Scene */,
			);
			path = Presentation;
			sourceTree = "<group>";
		};
		2FAF33E628B14500000C8488 /* Applicable */ = {
			isa = PBXGroup;
			children = (
				2FAF33E728B14518000C8488 /* ApplicableProtocol.swift */,
			);
			path = Applicable;
			sourceTree = "<group>";
		};
		2FAF33E928B1453A000C8488 /* Runnable */ = {
			isa = PBXGroup;
			children = (
				2FAF33EA28B14547000C8488 /* RunnableProtocol.swift */,
			);
			path = Runnable;
			sourceTree = "<group>";
		};
		828805A62AF99425AE6A5DF0 /* Scene */ = {
			isa = PBXGroup;
			children = (
			);
			path = Scene;
			sourceTree = "<group>";
		};
/* End PBXGroup section */

/* Begin PBXNativeTarget section */
		2FAF337228B1063F000C8488 /* MVVM_Combine */ = {
			isa = PBXNativeTarget;
			buildConfigurationList = 2FAF339D28B10640000C8488 /* Build configuration list for PBXNativeTarget "MVVM_Combine" */;
			buildPhases = (
				2FAF33DA28B12F72000C8488 /* Sourcery */,
				2FAF336F28B1063F000C8488 /* Sources */,
				2FAF337028B1063F000C8488 /* Frameworks */,
				2FAF337128B1063F000C8488 /* Resources */,
				2FAF33A828B114C2000C8488 /* SwiftLint */,
			);
			buildRules = (
			);
			dependencies = (
			);
			name = MVVM_Combine;
			packageProductDependencies = (
				2FAF33B728B11E03000C8488 /* Swinject */,
				2FAF33DF28B13E3C000C8488 /* PinLayout */,
				2FAF33E228B13E52000C8488 /* CombineCocoa */,
			);
			productName = MVVM_Combine;
			productReference = 2FAF337328B1063F000C8488 /* MVVM_Combine.app */;
			productType = "com.apple.product-type.application";
		};
		2FAF338828B10640000C8488 /* MVVM_CombineTests */ = {
			isa = PBXNativeTarget;
			buildConfigurationList = 2FAF33A028B10640000C8488 /* Build configuration list for PBXNativeTarget "MVVM_CombineTests" */;
			buildPhases = (
				2FAF338528B10640000C8488 /* Sources */,
				2FAF338628B10640000C8488 /* Frameworks */,
				2FAF338728B10640000C8488 /* Resources */,
			);
			buildRules = (
			);
			dependencies = (
				2FAF338B28B10640000C8488 /* PBXTargetDependency */,
			);
			name = MVVM_CombineTests;
			productName = MVVM_CombineTests;
			productReference = 2FAF338928B10640000C8488 /* MVVM_CombineTests.xctest */;
			productType = "com.apple.product-type.bundle.unit-test";
		};
		2FAF339228B10640000C8488 /* MVVM_CombineUITests */ = {
			isa = PBXNativeTarget;
			buildConfigurationList = 2FAF33A328B10640000C8488 /* Build configuration list for PBXNativeTarget "MVVM_CombineUITests" */;
			buildPhases = (
				2FAF338F28B10640000C8488 /* Sources */,
				2FAF339028B10640000C8488 /* Frameworks */,
				2FAF339128B10640000C8488 /* Resources */,
			);
			buildRules = (
			);
			dependencies = (
				2FAF339528B10640000C8488 /* PBXTargetDependency */,
			);
			name = MVVM_CombineUITests;
			productName = MVVM_CombineUITests;
			productReference = 2FAF339328B10640000C8488 /* MVVM_CombineUITests.xctest */;
			productType = "com.apple.product-type.bundle.ui-testing";
		};
/* End PBXNativeTarget section */

/* Begin PBXProject section */
		2FAF336B28B1063F000C8488 /* Project object */ = {
			isa = PBXProject;
			attributes = {
				BuildIndependentTargetsInParallel = 1;
				LastSwiftUpdateCheck = 1340;
				LastUpgradeCheck = 1340;
				TargetAttributes = {
					2FAF337228B1063F000C8488 = {
						CreatedOnToolsVersion = 13.4.1;
					};
					2FAF338828B10640000C8488 = {
						CreatedOnToolsVersion = 13.4.1;
						TestTargetID = 2FAF337228B1063F000C8488;
					};
					2FAF339228B10640000C8488 = {
						CreatedOnToolsVersion = 13.4.1;
						TestTargetID = 2FAF337228B1063F000C8488;
					};
				};
			};
			buildConfigurationList = 2FAF336E28B1063F000C8488 /* Build configuration list for PBXProject "MVVM_Combine" */;
			compatibilityVersion = "Xcode 13.0";
			developmentRegion = en;
			hasScannedForEncodings = 0;
			knownRegions = (
				en,
				Base,
			);
			mainGroup = 2FAF336A28B1063F000C8488;
			packageReferences = (
				2FAF33B628B11E03000C8488 /* XCRemoteSwiftPackageReference "Swinject" */,
				2FAF33DE28B13E3C000C8488 /* XCRemoteSwiftPackageReference "PinLayout" */,
				2FAF33E128B13E52000C8488 /* XCRemoteSwiftPackageReference "CombineCocoa" */,
			);
			productRefGroup = 2FAF337428B1063F000C8488 /* Products */;
			projectDirPath = "";
			projectRoot = "";
			targets = (
				2FAF337228B1063F000C8488 /* MVVM_Combine */,
				2FAF338828B10640000C8488 /* MVVM_CombineTests */,
				2FAF339228B10640000C8488 /* MVVM_CombineUITests */,
			);
		};
/* End PBXProject section */

/* Begin PBXResourcesBuildPhase section */
		2FAF337128B1063F000C8488 /* Resources */ = {
			isa = PBXResourcesBuildPhase;
			buildActionMask = 2147483647;
			files = (
				2FAF338328B1063F000C8488 /* LaunchScreen.storyboard in Resources */,
				2FAF338028B1063F000C8488 /* Assets.xcassets in Resources */,
			);
			runOnlyForDeploymentPostprocessing = 0;
		};
		2FAF338728B10640000C8488 /* Resources */ = {
			isa = PBXResourcesBuildPhase;
			buildActionMask = 2147483647;
			files = (
			);
			runOnlyForDeploymentPostprocessing = 0;
		};
		2FAF339128B10640000C8488 /* Resources */ = {
			isa = PBXResourcesBuildPhase;
			buildActionMask = 2147483647;
			files = (
			);
			runOnlyForDeploymentPostprocessing = 0;
		};
/* End PBXResourcesBuildPhase section */

/* Begin PBXShellScriptBuildPhase section */
		2FAF33A828B114C2000C8488 /* SwiftLint */ = {
			isa = PBXShellScriptBuildPhase;
			buildActionMask = 2147483647;
			files = (
			);
			inputFileListPaths = (
			);
			inputPaths = (
			);
			name = SwiftLint;
			outputFileListPaths = (
			);
			outputPaths = (
			);
			runOnlyForDeploymentPostprocessing = 0;
			shellPath = /bin/sh;
			shellScript = "# Type a script or drag a script file from your workspace to insert its path.\nexport PATH=\"$PATH:/opt/homebrew/bin\"\nif which swiftlint > /dev/null; then\n  swiftlint\nelse\n  echo \"warning: SwiftLint not installed, download from https://github.com/realm/SwiftLint\"\nfi\n";
		};
		2FAF33DA28B12F72000C8488 /* Sourcery */ = {
			isa = PBXShellScriptBuildPhase;
			buildActionMask = 2147483647;
			files = (
			);
			inputFileListPaths = (
			);
			inputPaths = (
			);
			name = Sourcery;
			outputFileListPaths = (
			);
			outputPaths = (
			);
			runOnlyForDeploymentPostprocessing = 0;
			shellPath = /bin/sh;
			shellScript = "# Type a script or drag a script file from your workspace to insert its path.\nexport PATH=\"$PATH:/opt/homebrew/bin\"\nif which sourcery > /dev/null; then\n  sourcery\nelse\n  echo \"warning: SwiftLint not installed, download from https://github.com/krzysztofzablocki/Sourcery\"\nfi\n";
		};
/* End PBXShellScriptBuildPhase section */

/* Begin PBXSourcesBuildPhase section */
		2FAF336F28B1063F000C8488 /* Sources */ = {
			isa = PBXSourcesBuildPhase;
			buildActionMask = 2147483647;
			files = (
				2FAF337728B1063F000C8488 /* AppDelegate.swift in Sources */,
				2FAF33D628B12C71000C8488 /* AnyViewModel.swift in Sources */,
				2FAF33CC28B12B50000C8488 /* AnyEventTracker.swift in Sources */,
				2FAF33CA28B12B44000C8488 /* EventTrackerProtocol.swift in Sources */,
				2FAF337928B1063F000C8488 /* SceneDelegate.swift in Sources */,
				2FAF33D428B12C2E000C8488 /* AnyUnit.swift in Sources */,
				2FAF33D028B12C00000C8488 /* ViewModelProtocol.swift in Sources */,
				2FAF33AE28B11939000C8488 /* PlacesRepositoryProtocol.swift in Sources */,
				2FAF33D928B12F34000C8488 /* Markers.swift in Sources */,
				2FAF33DC28B12F94000C8488 /* AutoInjection.generated.swift in Sources */,
				2FAF33E828B14518000C8488 /* ApplicableProtocol.swift in Sources */,
				2FAF33BD28B11E81000C8488 /* Swinject+typealias+extension.swift in Sources */,
				2FAF33B428B11C82000C8488 /* PlaceRepository.swift in Sources */,
				2FAF33C628B1272E000C8488 /* ImageRepositoryAssembly.swift in Sources */,
				2FAF33C128B125C5000C8488 /* ImageRepositoryProtocol.swift in Sources */,
				2FAF33BF28B11EB2000C8488 /* PlaceRepositoryAssembly.swift in Sources */,
				2FAF33D228B12C15000C8488 /* UnitProtocol.swift in Sources */,
				2FAF33C428B12622000C8488 /* ImageRepository.swift in Sources */,
				2FAF33B028B11958000C8488 /* Place.swift in Sources */,
				2FAF33E528B1401B000C8488 /* ViewModelBindableProtocol.swift in Sources */,
				2FAF33EB28B14547000C8488 /* RunnableProtocol.swift in Sources */,
			);
			runOnlyForDeploymentPostprocessing = 0;
		};
		2FAF338528B10640000C8488 /* Sources */ = {
			isa = PBXSourcesBuildPhase;
			buildActionMask = 2147483647;
			files = (
				2FAF338E28B10640000C8488 /* MVVM_CombineTests.swift in Sources */,
			);
			runOnlyForDeploymentPostprocessing = 0;
		};
		2FAF338F28B10640000C8488 /* Sources */ = {
			isa = PBXSourcesBuildPhase;
			buildActionMask = 2147483647;
			files = (
				2FAF339A28B10640000C8488 /* MVVM_CombineUITestsLaunchTests.swift in Sources */,
				2FAF339828B10640000C8488 /* MVVM_CombineUITests.swift in Sources */,
			);
			runOnlyForDeploymentPostprocessing = 0;
		};
/* End PBXSourcesBuildPhase section */

/* Begin PBXTargetDependency section */
		2FAF338B28B10640000C8488 /* PBXTargetDependency */ = {
			isa = PBXTargetDependency;
			target = 2FAF337228B1063F000C8488 /* MVVM_Combine */;
			targetProxy = 2FAF338A28B10640000C8488 /* PBXContainerItemProxy */;
		};
		2FAF339528B10640000C8488 /* PBXTargetDependency */ = {
			isa = PBXTargetDependency;
			target = 2FAF337228B1063F000C8488 /* MVVM_Combine */;
			targetProxy = 2FAF339428B10640000C8488 /* PBXContainerItemProxy */;
		};
/* End PBXTargetDependency section */

/* Begin PBXVariantGroup section */
		2FAF338128B1063F000C8488 /* LaunchScreen.storyboard */ = {
			isa = PBXVariantGroup;
			children = (
				2FAF338228B1063F000C8488 /* Base */,
			);
			name = LaunchScreen.storyboard;
			sourceTree = "<group>";
		};
/* End PBXVariantGroup section */

/* Begin XCBuildConfiguration section */
		2FAF339B28B10640000C8488 /* Debug */ = {
			isa = XCBuildConfiguration;
			buildSettings = {
				ALWAYS_SEARCH_USER_PATHS = NO;
				CLANG_ANALYZER_NONNULL = YES;
				CLANG_ANALYZER_NUMBER_OBJECT_CONVERSION = YES_AGGRESSIVE;
				CLANG_CXX_LANGUAGE_STANDARD = "gnu++17";
				CLANG_ENABLE_MODULES = YES;
				CLANG_ENABLE_OBJC_ARC = YES;
				CLANG_ENABLE_OBJC_WEAK = YES;
				CLANG_WARN_BLOCK_CAPTURE_AUTORELEASING = YES;
				CLANG_WARN_BOOL_CONVERSION = YES;
				CLANG_WARN_COMMA = YES;
				CLANG_WARN_CONSTANT_CONVERSION = YES;
				CLANG_WARN_DEPRECATED_OBJC_IMPLEMENTATIONS = YES;
				CLANG_WARN_DIRECT_OBJC_ISA_USAGE = YES_ERROR;
				CLANG_WARN_DOCUMENTATION_COMMENTS = YES;
				CLANG_WARN_EMPTY_BODY = YES;
				CLANG_WARN_ENUM_CONVERSION = YES;
				CLANG_WARN_INFINITE_RECURSION = YES;
				CLANG_WARN_INT_CONVERSION = YES;
				CLANG_WARN_NON_LITERAL_NULL_CONVERSION = YES;
				CLANG_WARN_OBJC_IMPLICIT_RETAIN_SELF = YES;
				CLANG_WARN_OBJC_LITERAL_CONVERSION = YES;
				CLANG_WARN_OBJC_ROOT_CLASS = YES_ERROR;
				CLANG_WARN_QUOTED_INCLUDE_IN_FRAMEWORK_HEADER = YES;
				CLANG_WARN_RANGE_LOOP_ANALYSIS = YES;
				CLANG_WARN_STRICT_PROTOTYPES = YES;
				CLANG_WARN_SUSPICIOUS_MOVE = YES;
				CLANG_WARN_UNGUARDED_AVAILABILITY = YES_AGGRESSIVE;
				CLANG_WARN_UNREACHABLE_CODE = YES;
				CLANG_WARN__DUPLICATE_METHOD_MATCH = YES;
				COPY_PHASE_STRIP = NO;
				DEBUG_INFORMATION_FORMAT = dwarf;
				ENABLE_STRICT_OBJC_MSGSEND = YES;
				ENABLE_TESTABILITY = YES;
				GCC_C_LANGUAGE_STANDARD = gnu11;
				GCC_DYNAMIC_NO_PIC = NO;
				GCC_NO_COMMON_BLOCKS = YES;
				GCC_OPTIMIZATION_LEVEL = 0;
				GCC_PREPROCESSOR_DEFINITIONS = (
					"DEBUG=1",
					"$(inherited)",
				);
				GCC_WARN_64_TO_32_BIT_CONVERSION = YES;
				GCC_WARN_ABOUT_RETURN_TYPE = YES_ERROR;
				GCC_WARN_UNDECLARED_SELECTOR = YES;
				GCC_WARN_UNINITIALIZED_AUTOS = YES_AGGRESSIVE;
				GCC_WARN_UNUSED_FUNCTION = YES;
				GCC_WARN_UNUSED_VARIABLE = YES;
				IPHONEOS_DEPLOYMENT_TARGET = 14.0;
				MTL_ENABLE_DEBUG_INFO = INCLUDE_SOURCE;
				MTL_FAST_MATH = YES;
				ONLY_ACTIVE_ARCH = YES;
				SDKROOT = iphoneos;
				SWIFT_ACTIVE_COMPILATION_CONDITIONS = DEBUG;
				SWIFT_OPTIMIZATION_LEVEL = "-Onone";
			};
			name = Debug;
		};
		2FAF339C28B10640000C8488 /* Release */ = {
			isa = XCBuildConfiguration;
			buildSettings = {
				ALWAYS_SEARCH_USER_PATHS = NO;
				CLANG_ANALYZER_NONNULL = YES;
				CLANG_ANALYZER_NUMBER_OBJECT_CONVERSION = YES_AGGRESSIVE;
				CLANG_CXX_LANGUAGE_STANDARD = "gnu++17";
				CLANG_ENABLE_MODULES = YES;
				CLANG_ENABLE_OBJC_ARC = YES;
				CLANG_ENABLE_OBJC_WEAK = YES;
				CLANG_WARN_BLOCK_CAPTURE_AUTORELEASING = YES;
				CLANG_WARN_BOOL_CONVERSION = YES;
				CLANG_WARN_COMMA = YES;
				CLANG_WARN_CONSTANT_CONVERSION = YES;
				CLANG_WARN_DEPRECATED_OBJC_IMPLEMENTATIONS = YES;
				CLANG_WARN_DIRECT_OBJC_ISA_USAGE = YES_ERROR;
				CLANG_WARN_DOCUMENTATION_COMMENTS = YES;
				CLANG_WARN_EMPTY_BODY = YES;
				CLANG_WARN_ENUM_CONVERSION = YES;
				CLANG_WARN_INFINITE_RECURSION = YES;
				CLANG_WARN_INT_CONVERSION = YES;
				CLANG_WARN_NON_LITERAL_NULL_CONVERSION = YES;
				CLANG_WARN_OBJC_IMPLICIT_RETAIN_SELF = YES;
				CLANG_WARN_OBJC_LITERAL_CONVERSION = YES;
				CLANG_WARN_OBJC_ROOT_CLASS = YES_ERROR;
				CLANG_WARN_QUOTED_INCLUDE_IN_FRAMEWORK_HEADER = YES;
				CLANG_WARN_RANGE_LOOP_ANALYSIS = YES;
				CLANG_WARN_STRICT_PROTOTYPES = YES;
				CLANG_WARN_SUSPICIOUS_MOVE = YES;
				CLANG_WARN_UNGUARDED_AVAILABILITY = YES_AGGRESSIVE;
				CLANG_WARN_UNREACHABLE_CODE = YES;
				CLANG_WARN__DUPLICATE_METHOD_MATCH = YES;
				COPY_PHASE_STRIP = NO;
				DEBUG_INFORMATION_FORMAT = "dwarf-with-dsym";
				ENABLE_NS_ASSERTIONS = NO;
				ENABLE_STRICT_OBJC_MSGSEND = YES;
				GCC_C_LANGUAGE_STANDARD = gnu11;
				GCC_NO_COMMON_BLOCKS = YES;
				GCC_WARN_64_TO_32_BIT_CONVERSION = YES;
				GCC_WARN_ABOUT_RETURN_TYPE = YES_ERROR;
				GCC_WARN_UNDECLARED_SELECTOR = YES;
				GCC_WARN_UNINITIALIZED_AUTOS = YES_AGGRESSIVE;
				GCC_WARN_UNUSED_FUNCTION = YES;
				GCC_WARN_UNUSED_VARIABLE = YES;
				IPHONEOS_DEPLOYMENT_TARGET = 14.0;
				MTL_ENABLE_DEBUG_INFO = NO;
				MTL_FAST_MATH = YES;
				SDKROOT = iphoneos;
				SWIFT_COMPILATION_MODE = wholemodule;
				SWIFT_OPTIMIZATION_LEVEL = "-O";
				VALIDATE_PRODUCT = YES;
			};
			name = Release;
		};
		2FAF339E28B10640000C8488 /* Debug */ = {
			isa = XCBuildConfiguration;
			buildSettings = {
				ASSETCATALOG_COMPILER_APPICON_NAME = AppIcon;
				ASSETCATALOG_COMPILER_GLOBAL_ACCENT_COLOR_NAME = AccentColor;
				CODE_SIGN_STYLE = Automatic;
				CURRENT_PROJECT_VERSION = 1;
				DEVELOPMENT_TEAM = GHXPN8A4H7;
				GENERATE_INFOPLIST_FILE = YES;
				INFOPLIST_FILE = MVVM_Combine/SupportedFiles/Info.plist;
				INFOPLIST_KEY_UIApplicationSupportsIndirectInputEvents = YES;
				INFOPLIST_KEY_UILaunchStoryboardName = LaunchScreen;
				INFOPLIST_KEY_UISupportedInterfaceOrientations_iPad = "UIInterfaceOrientationPortrait UIInterfaceOrientationPortraitUpsideDown UIInterfaceOrientationLandscapeLeft UIInterfaceOrientationLandscapeRight";
				INFOPLIST_KEY_UISupportedInterfaceOrientations_iPhone = "UIInterfaceOrientationPortrait UIInterfaceOrientationLandscapeLeft UIInterfaceOrientationLandscapeRight";
				LD_RUNPATH_SEARCH_PATHS = (
					"$(inherited)",
					"@executable_path/Frameworks",
				);
				MARKETING_VERSION = 1.0;
				PRODUCT_BUNDLE_IDENTIFIER = "com.muzle.MVVM-Combine";
				PRODUCT_NAME = "$(TARGET_NAME)";
				SWIFT_EMIT_LOC_STRINGS = YES;
				SWIFT_VERSION = 5.0;
				TARGETED_DEVICE_FAMILY = "1,2";
			};
			name = Debug;
		};
		2FAF339F28B10640000C8488 /* Release */ = {
			isa = XCBuildConfiguration;
			buildSettings = {
				ASSETCATALOG_COMPILER_APPICON_NAME = AppIcon;
				ASSETCATALOG_COMPILER_GLOBAL_ACCENT_COLOR_NAME = AccentColor;
				CODE_SIGN_STYLE = Automatic;
				CURRENT_PROJECT_VERSION = 1;
				DEVELOPMENT_TEAM = GHXPN8A4H7;
				GENERATE_INFOPLIST_FILE = YES;
				INFOPLIST_FILE = MVVM_Combine/SupportedFiles/Info.plist;
				INFOPLIST_KEY_UIApplicationSupportsIndirectInputEvents = YES;
				INFOPLIST_KEY_UILaunchStoryboardName = LaunchScreen;
				INFOPLIST_KEY_UISupportedInterfaceOrientations_iPad = "UIInterfaceOrientationPortrait UIInterfaceOrientationPortraitUpsideDown UIInterfaceOrientationLandscapeLeft UIInterfaceOrientationLandscapeRight";
				INFOPLIST_KEY_UISupportedInterfaceOrientations_iPhone = "UIInterfaceOrientationPortrait UIInterfaceOrientationLandscapeLeft UIInterfaceOrientationLandscapeRight";
				LD_RUNPATH_SEARCH_PATHS = (
					"$(inherited)",
					"@executable_path/Frameworks",
				);
				MARKETING_VERSION = 1.0;
				PRODUCT_BUNDLE_IDENTIFIER = "com.muzle.MVVM-Combine";
				PRODUCT_NAME = "$(TARGET_NAME)";
				SWIFT_EMIT_LOC_STRINGS = YES;
				SWIFT_VERSION = 5.0;
				TARGETED_DEVICE_FAMILY = "1,2";
			};
			name = Release;
		};
		2FAF33A128B10640000C8488 /* Debug */ = {
			isa = XCBuildConfiguration;
			buildSettings = {
				ALWAYS_EMBED_SWIFT_STANDARD_LIBRARIES = YES;
				BUNDLE_LOADER = "$(TEST_HOST)";
				CODE_SIGN_STYLE = Automatic;
				CURRENT_PROJECT_VERSION = 1;
				DEVELOPMENT_TEAM = GHXPN8A4H7;
				GENERATE_INFOPLIST_FILE = YES;
				IPHONEOS_DEPLOYMENT_TARGET = 15.5;
				MARKETING_VERSION = 1.0;
				PRODUCT_BUNDLE_IDENTIFIER = "com.muzle.MVVM-CombineTests";
				PRODUCT_NAME = "$(TARGET_NAME)";
				SWIFT_EMIT_LOC_STRINGS = NO;
				SWIFT_VERSION = 5.0;
				TARGETED_DEVICE_FAMILY = "1,2";
				TEST_HOST = "$(BUILT_PRODUCTS_DIR)/MVVM_Combine.app/MVVM_Combine";
			};
			name = Debug;
		};
		2FAF33A228B10640000C8488 /* Release */ = {
			isa = XCBuildConfiguration;
			buildSettings = {
				ALWAYS_EMBED_SWIFT_STANDARD_LIBRARIES = YES;
				BUNDLE_LOADER = "$(TEST_HOST)";
				CODE_SIGN_STYLE = Automatic;
				CURRENT_PROJECT_VERSION = 1;
				DEVELOPMENT_TEAM = GHXPN8A4H7;
				GENERATE_INFOPLIST_FILE = YES;
				IPHONEOS_DEPLOYMENT_TARGET = 15.5;
				MARKETING_VERSION = 1.0;
				PRODUCT_BUNDLE_IDENTIFIER = "com.muzle.MVVM-CombineTests";
				PRODUCT_NAME = "$(TARGET_NAME)";
				SWIFT_EMIT_LOC_STRINGS = NO;
				SWIFT_VERSION = 5.0;
				TARGETED_DEVICE_FAMILY = "1,2";
				TEST_HOST = "$(BUILT_PRODUCTS_DIR)/MVVM_Combine.app/MVVM_Combine";
			};
			name = Release;
		};
		2FAF33A428B10640000C8488 /* Debug */ = {
			isa = XCBuildConfiguration;
			buildSettings = {
				ALWAYS_EMBED_SWIFT_STANDARD_LIBRARIES = YES;
				CODE_SIGN_STYLE = Automatic;
				CURRENT_PROJECT_VERSION = 1;
				DEVELOPMENT_TEAM = GHXPN8A4H7;
				GENERATE_INFOPLIST_FILE = YES;
				MARKETING_VERSION = 1.0;
				PRODUCT_BUNDLE_IDENTIFIER = "com.muzle.MVVM-CombineUITests";
				PRODUCT_NAME = "$(TARGET_NAME)";
				SWIFT_EMIT_LOC_STRINGS = NO;
				SWIFT_VERSION = 5.0;
				TARGETED_DEVICE_FAMILY = "1,2";
				TEST_TARGET_NAME = MVVM_Combine;
			};
			name = Debug;
		};
		2FAF33A528B10640000C8488 /* Release */ = {
			isa = XCBuildConfiguration;
			buildSettings = {
				ALWAYS_EMBED_SWIFT_STANDARD_LIBRARIES = YES;
				CODE_SIGN_STYLE = Automatic;
				CURRENT_PROJECT_VERSION = 1;
				DEVELOPMENT_TEAM = GHXPN8A4H7;
				GENERATE_INFOPLIST_FILE = YES;
				MARKETING_VERSION = 1.0;
				PRODUCT_BUNDLE_IDENTIFIER = "com.muzle.MVVM-CombineUITests";
				PRODUCT_NAME = "$(TARGET_NAME)";
				SWIFT_EMIT_LOC_STRINGS = NO;
				SWIFT_VERSION = 5.0;
				TARGETED_DEVICE_FAMILY = "1,2";
				TEST_TARGET_NAME = MVVM_Combine;
			};
			name = Release;
		};
/* End XCBuildConfiguration section */

/* Begin XCConfigurationList section */
		2FAF336E28B1063F000C8488 /* Build configuration list for PBXProject "MVVM_Combine" */ = {
			isa = XCConfigurationList;
			buildConfigurations = (
				2FAF339B28B10640000C8488 /* Debug */,
				2FAF339C28B10640000C8488 /* Release */,
			);
			defaultConfigurationIsVisible = 0;
			defaultConfigurationName = Release;
		};
		2FAF339D28B10640000C8488 /* Build configuration list for PBXNativeTarget "MVVM_Combine" */ = {
			isa = XCConfigurationList;
			buildConfigurations = (
				2FAF339E28B10640000C8488 /* Debug */,
				2FAF339F28B10640000C8488 /* Release */,
			);
			defaultConfigurationIsVisible = 0;
			defaultConfigurationName = Release;
		};
		2FAF33A028B10640000C8488 /* Build configuration list for PBXNativeTarget "MVVM_CombineTests" */ = {
			isa = XCConfigurationList;
			buildConfigurations = (
				2FAF33A128B10640000C8488 /* Debug */,
				2FAF33A228B10640000C8488 /* Release */,
			);
			defaultConfigurationIsVisible = 0;
			defaultConfigurationName = Release;
		};
		2FAF33A328B10640000C8488 /* Build configuration list for PBXNativeTarget "MVVM_CombineUITests" */ = {
			isa = XCConfigurationList;
			buildConfigurations = (
				2FAF33A428B10640000C8488 /* Debug */,
				2FAF33A528B10640000C8488 /* Release */,
			);
			defaultConfigurationIsVisible = 0;
			defaultConfigurationName = Release;
		};
/* End XCConfigurationList section */

/* Begin XCRemoteSwiftPackageReference section */
		2FAF33B628B11E03000C8488 /* XCRemoteSwiftPackageReference "Swinject" */ = {
			isa = XCRemoteSwiftPackageReference;
			repositoryURL = "https://github.com/Swinject/Swinject";
			requirement = {
				branch = master;
				kind = branch;
			};
		};
		2FAF33DE28B13E3C000C8488 /* XCRemoteSwiftPackageReference "PinLayout" */ = {
			isa = XCRemoteSwiftPackageReference;
			repositoryURL = "https://github.com/layoutBox/PinLayout";
			requirement = {
				kind = upToNextMajorVersion;
				minimumVersion = 1.0.0;
			};
		};
		2FAF33E128B13E52000C8488 /* XCRemoteSwiftPackageReference "CombineCocoa" */ = {
			isa = XCRemoteSwiftPackageReference;
			repositoryURL = "https://github.com/CombineCommunity/CombineCocoa.git";
			requirement = {
				branch = main;
				kind = branch;
			};
		};
/* End XCRemoteSwiftPackageReference section */

/* Begin XCSwiftPackageProductDependency section */
		2FAF33B728B11E03000C8488 /* Swinject */ = {
			isa = XCSwiftPackageProductDependency;
			package = 2FAF33B628B11E03000C8488 /* XCRemoteSwiftPackageReference "Swinject" */;
			productName = Swinject;
		};
		2FAF33DF28B13E3C000C8488 /* PinLayout */ = {
			isa = XCSwiftPackageProductDependency;
			package = 2FAF33DE28B13E3C000C8488 /* XCRemoteSwiftPackageReference "PinLayout" */;
			productName = PinLayout;
		};
		2FAF33E228B13E52000C8488 /* CombineCocoa */ = {
			isa = XCSwiftPackageProductDependency;
			package = 2FAF33E128B13E52000C8488 /* XCRemoteSwiftPackageReference "CombineCocoa" */;
			productName = CombineCocoa;
		};
/* End XCSwiftPackageProductDependency section */
	};
	rootObject = 2FAF336B28B1063F000C8488 /* Project object */;
}
